
Microsoft Visual Studio Solution File, Format Version 12.00
# Visual Studio Version 18
VisualStudioVersion = 18.3.11415.281 d18.3
MinimumVisualStudioVersion = 10.0.40219.1
Project("{2150E333-8FDC-42A3-9474-1A3956D46DE8}") = "src", "src", "{827E0CD3-B72D-47B6-A68D-7590B98EB39B}"
EndProject
Project("{2150E333-8FDC-42A3-9474-1A3956D46DE8}") = "Tests", "Tests", "{0AB3BF05-4346-4AA6-1389-037BE0695223}"
EndProject
Project("{FAE04EC0-301F-11D3-BF4B-00C04F79EFBC}") = "Chat.Minimal.Services.UnitTests", "src\Tests\Chat.Minimal.Services.UnitTests\Chat.Minimal.Services.UnitTests.csproj", "{F56E99BB-65A1-469E-A240-7F400EF2EC9B}"
EndProject
Project("{FAE04EC0-301F-11D3-BF4B-00C04F79EFBC}") = "Chat.Minimal.IAs.Services.Tests", "src\Tests\Chat.Minimal.IAs.Services.Tests\Chat.Minimal.IAs.Services.Tests.csproj", "{3C382A45-868C-4C18-AD44-11BD30D757F1}"
EndProject
Project("{FAE04EC0-301F-11D3-BF4B-00C04F79EFBC}") = "Chat.Minimal.IAs.Services", "src\app\Chat.Minimal.IAs.Services\Chat.Minimal.IAs.Services.csproj", "{8F3119F1-E29B-CEDD-66E1-9F485D2CD810}"
EndProject
Project("{FAE04EC0-301F-11D3-BF4B-00C04F79EFBC}") = "Chat.Minimal.Services.api", "src\app\Chat.Minimal.Services.api\Chat.Minimal.Services.api.csproj", "{0DB27E1F-D2CB-9F0F-C081-B7057E25CE45}"
EndProject
Global
	GlobalSection(SolutionConfigurationPlatforms) = preSolution
		Debug|Any CPU = Debug|Any CPU
		Debug|x64 = Debug|x64
		Debug|x86 = Debug|x86
		Release|Any CPU = Release|Any CPU
		Release|x64 = Release|x64
		Release|x86 = Release|x86
	EndGlobalSection
	GlobalSection(ProjectConfigurationPlatforms) = postSolution
		{F56E99BB-65A1-469E-A240-7F400EF2EC9B}.Debug|Any CPU.ActiveCfg = Debug|Any CPU
		{F56E99BB-65A1-469E-A240-7F400EF2EC9B}.Debug|Any CPU.Build.0 = Debug|Any CPU
		{F56E99BB-65A1-469E-A240-7F400EF2EC9B}.Debug|x64.ActiveCfg = Debug|Any CPU
		{F56E99BB-65A1-469E-A240-7F400EF2EC9B}.Debug|x64.Build.0 = Debug|Any CPU
		{F56E99BB-65A1-469E-A240-7F400EF2EC9B}.Debug|x86.ActiveCfg = Debug|Any CPU
		{F56E99BB-65A1-469E-A240-7F400EF2EC9B}.Debug|x86.Build.0 = Debug|Any CPU
		{F56E99BB-65A1-469E-A240-7F400EF2EC9B}.Release|Any CPU.ActiveCfg = Release|Any CPU
		{F56E99BB-65A1-469E-A240-7F400EF2EC9B}.Release|Any CPU.Build.0 = Release|Any CPU
		{F56E99BB-65A1-469E-A240-7F400EF2EC9B}.Release|x64.ActiveCfg = Release|Any CPU
		{F56E99BB-65A1-469E-A240-7F400EF2EC9B}.Release|x64.Build.0 = Release|Any CPU
		{F56E99BB-65A1-469E-A240-7F400EF2EC9B}.Release|x86.ActiveCfg = Release|Any CPU
		{F56E99BB-65A1-469E-A240-7F400EF2EC9B}.Release|x86.Build.0 = Release|Any CPU
		{3C382A45-868C-4C18-AD44-11BD30D757F1}.Debug|Any CPU.ActiveCfg = Debug|Any CPU
		{3C382A45-868C-4C18-AD44-11BD30D757F1}.Debug|Any CPU.Build.0 = Debug|Any CPU
		{3C382A45-868C-4C18-AD44-11BD30D757F1}.Debug|x64.ActiveCfg = Debug|Any CPU
		{3C382A45-868C-4C18-AD44-11BD30D757F1}.Debug|x64.Build.0 = Debug|Any CPU
		{3C382A45-868C-4C18-AD44-11BD30D757F1}.Debug|x86.ActiveCfg = Debug|Any CPU
		{3C382A45-868C-4C18-AD44-11BD30D757F1}.Debug|x86.Build.0 = Debug|Any CPU
		{3C382A45-868C-4C18-AD44-11BD30D757F1}.Release|Any CPU.ActiveCfg = Release|Any CPU
		{3C382A45-868C-4C18-AD44-11BD30D757F1}.Release|Any CPU.Build.0 = Release|Any CPU
		{3C382A45-868C-4C18-AD44-11BD30D757F1}.Release|x64.ActiveCfg = Release|Any CPU
		{3C382A45-868C-4C18-AD44-11BD30D757F1}.Release|x64.Build.0 = Release|Any CPU
		{3C382A45-868C-4C18-AD44-11BD30D757F1}.Release|x86.ActiveCfg = Release|Any CPU
		{3C382A45-868C-4C18-AD44-11BD30D757F1}.Release|x86.Build.0 = Release|Any CPU
		{8F3119F1-E29B-CEDD-66E1-9F485D2CD810}.Debug|Any CPU.ActiveCfg = Debug|Any CPU
		{8F3119F1-E29B-CEDD-66E1-9F485D2CD810}.Debug|Any CPU.Build.0 = Debug|Any CPU
		{8F3119F1-E29B-CEDD-66E1-9F485D2CD810}.Debug|x64.ActiveCfg = Debug|Any CPU
		{8F3119F1-E29B-CEDD-66E1-9F485D2CD810}.Debug|x64.Build.0 = Debug|Any CPU
		{8F3119F1-E29B-CEDD-66E1-9F485D2CD810}.Debug|x86.ActiveCfg = Debug|Any CPU
		{8F3119F1-E29B-CEDD-66E1-9F485D2CD810}.Debug|x86.Build.0 = Debug|Any CPU
		{8F3119F1-E29B-CEDD-66E1-9F485D2CD810}.Release|Any CPU.ActiveCfg = Release|Any CPU
		{8F3119F1-E29B-CEDD-66E1-9F485D2CD810}.Release|Any CPU.Build.0 = Release|Any CPU
		{8F3119F1-E29B-CEDD-66E1-9F485D2CD810}.Release|x64.ActiveCfg = Release|Any CPU
		{8F3119F1-E29B-CEDD-66E1-9F485D2CD810}.Release|x64.Build.0 = Release|Any CPU
		{8F3119F1-E29B-CEDD-66E1-9F485D2CD810}.Release|x86.ActiveCfg = Release|Any CPU
		{8F3119F1-E29B-CEDD-66E1-9F485D2CD810}.Release|x86.Build.0 = Release|Any CPU
		{0DB27E1F-D2CB-9F0F-C081-B7057E25CE45}.Debug|Any CPU.ActiveCfg = Debug|Any CPU
		{0DB27E1F-D2CB-9F0F-C081-B7057E25CE45}.Debug|Any CPU.Build.0 = Debug|Any CPU
		{0DB27E1F-D2CB-9F0F-C081-B7057E25CE45}.Debug|x64.ActiveCfg = Debug|Any CPU
		{0DB27E1F-D2CB-9F0F-C081-B7057E25CE45}.Debug|x64.Build.0 = Debug|Any CPU
		{0DB27E1F-D2CB-9F0F-C081-B7057E25CE45}.Debug|x86.ActiveCfg = Debug|Any CPU
		{0DB27E1F-D2CB-9F0F-C081-B7057E25CE45}.Debug|x86.Build.0 = Debug|Any CPU
		{0DB27E1F-D2CB-9F0F-C081-B7057E25CE45}.Release|Any CPU.ActiveCfg = Release|Any CPU
		{0DB27E1F-D2CB-9F0F-C081-B7057E25CE45}.Release|Any CPU.Build.0 = Release|Any CPU
		{0DB27E1F-D2CB-9F0F-C081-B7057E25CE45}.Release|x64.ActiveCfg = Release|Any CPU
		{0DB27E1F-D2CB-9F0F-C081-B7057E25CE45}.Release|x64.Build.0 = Release|Any CPU
		{0DB27E1F-D2CB-9F0F-C081-B7057E25CE45}.Release|x86.ActiveCfg = Release|Any CPU
		{0DB27E1F-D2CB-9F0F-C081-B7057E25CE45}.Release|x86.Build.0 = Release|Any CPU
	EndGlobalSection
	GlobalSection(SolutionProperties) = preSolution
		HideSolutionNode = FALSE
	EndGlobalSection
	GlobalSection(NestedProjects) = preSolution
		{F56E99BB-65A1-469E-A240-7F400EF2EC9B} = {0AB3BF05-4346-4AA6-1389-037BE0695223}
		{3C382A45-868C-4C18-AD44-11BD30D757F1} = {0AB3BF05-4346-4AA6-1389-037BE0695223}
		{8F3119F1-E29B-CEDD-66E1-9F485D2CD810} = {827E0CD3-B72D-47B6-A68D-7590B98EB39B}
		{0DB27E1F-D2CB-9F0F-C081-B7057E25CE45} = {827E0CD3-B72D-47B6-A68D-7590B98EB39B}
	EndGlobalSection
EndGlobal
